
Microsoft Visual Studio Solution File, Format Version 12.00
# Visual Studio Version 17
VisualStudioVersion = 17.14.36804.6 d17.14
MinimumVisualStudioVersion = 10.0.40219.1
Project("{FAE04EC0-301F-11D3-BF4B-00C04F79EFBC}") = "Proiect_IA", "Proiect_IA\Proiect_IA.csproj", "{12AB05B6-5400-4845-A5AC-4721B24C5BE4}"
EndProject
Global
	GlobalSection(SolutionConfigurationPlatforms) = preSolution
		Debug|Any CPU = Debug|Any CPU
		Release|Any CPU = Release|Any CPU
	EndGlobalSection
	GlobalSection(ProjectConfigurationPlatforms) = postSolution
		{12AB05B6-5400-4845-A5AC-4721B24C5BE4}.Debug|Any CPU.ActiveCfg = Debug|Any CPU
		{12AB05B6-5400-4845-A5AC-4721B24C5BE4}.Debug|Any CPU.Build.0 = Debug|Any CPU
		{12AB05B6-5400-4845-A5AC-4721B24C5BE4}.Release|Any CPU.ActiveCfg = Release|Any CPU
		{12AB05B6-5400-4845-A5AC-4721B24C5BE4}.Release|Any CPU.Build.0 = Release|Any CPU
	EndGlobalSection
	GlobalSection(SolutionProperties) = preSolution
		HideSolutionNode = FALSE
	EndGlobalSection
	GlobalSection(ExtensibilityGlobals) = postSolution
		SolutionGuid = {DE407EE8-0F52-4691-A5E1-E5E8005B0876}
	EndGlobalSection
EndGlobal
